
Microsoft Visual Studio Solution File, Format Version 12.00
# Visual Studio Version 17
VisualStudioVersion = 17.13.35617.110 d17.13
MinimumVisualStudioVersion = 10.0.40219.1
Project("{FAE04EC0-301F-11D3-BF4B-00C04F79EFBC}") = "SemanticAPI", "SemanticAPI\SemanticAPI.csproj", "{8E982C71-CA5D-4975-A1D0-C42F1ED5FD79}"
EndProject
Global
	GlobalSection(SolutionConfigurationPlatforms) = preSolution
		Debug|Any CPU = Debug|Any CPU
		Release|Any CPU = Release|Any CPU
	EndGlobalSection
	GlobalSection(ProjectConfigurationPlatforms) = postSolution
		{8E982C71-CA5D-4975-A1D0-C42F1ED5FD79}.Debug|Any CPU.ActiveCfg = Debug|Any CPU
		{8E982C71-CA5D-4975-A1D0-C42F1ED5FD79}.Debug|Any CPU.Build.0 = Debug|Any CPU
		{8E982C71-CA5D-4975-A1D0-C42F1ED5FD79}.Release|Any CPU.ActiveCfg = Release|Any CPU
		{8E982C71-CA5D-4975-A1D0-C42F1ED5FD79}.Release|Any CPU.Build.0 = Release|Any CPU
	EndGlobalSection
	GlobalSection(SolutionProperties) = preSolution
		HideSolutionNode = FALSE
	EndGlobalSection
	GlobalSection(ExtensibilityGlobals) = postSolution
		SolutionGuid = {7940F908-7BCC-47A2-84D4-3E129350046C}
	EndGlobalSection
EndGlobal
